
Microsoft Visual Studio Solution File, Format Version 12.00
# Visual Studio Version 17
VisualStudioVersion = 17.5.33627.172
MinimumVisualStudioVersion = 10.0.40219.1
Project("{FAE04EC0-301F-11D3-BF4B-00C04F79EFBC}") = "DBD Toolbox Remake", "DBD Toolbox Remake\DBD Toolbox Remake.csproj", "{FF479DFE-1E0E-4439-A99D-6A71E00E9397}"
EndProject
Global
	GlobalSection(SolutionConfigurationPlatforms) = preSolution
		Debug|Any CPU = Debug|Any CPU
		Release|Any CPU = Release|Any CPU
	EndGlobalSection
	GlobalSection(ProjectConfigurationPlatforms) = postSolution
		{FF479DFE-1E0E-4439-A99D-6A71E00E9397}.Debug|Any CPU.ActiveCfg = Debug|Any CPU
		{FF479DFE-1E0E-4439-A99D-6A71E00E9397}.Debug|Any CPU.Build.0 = Debug|Any CPU
		{FF479DFE-1E0E-4439-A99D-6A71E00E9397}.Release|Any CPU.ActiveCfg = Release|Any CPU
		{FF479DFE-1E0E-4439-A99D-6A71E00E9397}.Release|Any CPU.Build.0 = Release|Any CPU
	EndGlobalSection
	GlobalSection(SolutionProperties) = preSolution
		HideSolutionNode = FALSE
	EndGlobalSection
	GlobalSection(ExtensibilityGlobals) = postSolution
		SolutionGuid = {52494047-31E0-468B-AFB8-FFF867E6D5F3}
	EndGlobalSection
EndGlobal
